Microsoft Visual Studio Solution File, Format Version 12.00
# Visual Studio Version 17
VisualStudioVersion = 17.5.2.0
MinimumVisualStudioVersion = 10.0.40219.1
Project("{FAE04EC0-301F-11D3-BF4B-00C04F79EFBC}") = "TP05-Patejim_Feldman", "TP05-Patejim_Feldman.csproj", "{07AEFDCE-AAEC-720C-82E7-62AC69700D84}"
EndProject
Global
	GlobalSection(SolutionConfigurationPlatforms) = preSolution
		Debug|Any CPU = Debug|Any CPU
		Release|Any CPU = Release|Any CPU
	EndGlobalSection
	GlobalSection(ProjectConfigurationPlatforms) = postSolution
		{07AEFDCE-AAEC-720C-82E7-62AC69700D84}.Debug|Any CPU.ActiveCfg = Debug|Any CPU
		{07AEFDCE-AAEC-720C-82E7-62AC69700D84}.Debug|Any CPU.Build.0 = Debug|Any CPU
		{07AEFDCE-AAEC-720C-82E7-62AC69700D84}.Release|Any CPU.ActiveCfg = Release|Any CPU
		{07AEFDCE-AAEC-720C-82E7-62AC69700D84}.Release|Any CPU.Build.0 = Release|Any CPU
	EndGlobalSection
	GlobalSection(SolutionProperties) = preSolution
		HideSolutionNode = FALSE
	EndGlobalSection
	GlobalSection(ExtensibilityGlobals) = postSolution
		SolutionGuid = {D798D007-E8E0-42C7-941C-1CFFE7634B4E}
	EndGlobalSection
EndGlobal
